
Microsoft Visual Studio Solution File, Format Version 12.00
# Visual Studio Version 17
VisualStudioVersion = 17.0.32014.148
MinimumVisualStudioVersion = 10.0.40219.1
Project("{9A19103F-16F7-4668-BE54-9A1E7A4F7556}") = "jcDeskInventory", "jcDeskInventory.csproj", "{BADA4294-9A84-4F9C-895F-B46A7C32EA08}"
EndProject
Global
	GlobalSection(SolutionConfigurationPlatforms) = preSolution
		Debug|Any CPU = Debug|Any CPU
		Release|Any CPU = Release|Any CPU
	EndGlobalSection
	GlobalSection(ProjectConfigurationPlatforms) = postSolution
		{BADA4294-9A84-4F9C-895F-B46A7C32EA08}.Debug|Any CPU.ActiveCfg = Debug|Any CPU
		{BADA4294-9A84-4F9C-895F-B46A7C32EA08}.Debug|Any CPU.Build.0 = Debug|Any CPU
		{BADA4294-9A84-4F9C-895F-B46A7C32EA08}.Release|Any CPU.ActiveCfg = Release|Any CPU
		{BADA4294-9A84-4F9C-895F-B46A7C32EA08}.Release|Any CPU.Build.0 = Release|Any CPU
	EndGlobalSection
	GlobalSection(SolutionProperties) = preSolution
		HideSolutionNode = FALSE
	EndGlobalSection
	GlobalSection(ExtensibilityGlobals) = postSolution
		SolutionGuid = {63371ECB-0939-4423-93F7-35F944E02760}
	EndGlobalSection
EndGlobal
